
Microsoft Visual Studio Solution File, Format Version 12.00
# Visual Studio 14
VisualStudioVersion = 14.0.25420.1
MinimumVisualStudioVersion = 10.0.40219.1
Project("{FAE04EC0-301F-11D3-BF4B-00C04F79EFBC}") = "VisualAlgorithm", "VisualAlgorithm.csproj", "{DC0C82C8-0E03-49E4-9F8D-8F9B092CAF36}"
EndProject
Project("{8BC9CEB8-8B4A-11D0-8D11-00A0C91BC942}") = "Algorithm", "..\Algorithm\Algorithm.vcxproj", "{387DC099-CA7D-41F2-8CE5-512648FA2B63}"
EndProject
Global
	GlobalSection(SolutionConfigurationPlatforms) = preSolution
		Debug|Any CPU = Debug|Any CPU
		Debug|x64 = Debug|x64
		Debug|x86 = Debug|x86
		Release|Any CPU = Release|Any CPU
		Release|x64 = Release|x64
		Release|x86 = Release|x86
	EndGlobalSection
	GlobalSection(ProjectConfigurationPlatforms) = postSolution
		{DC0C82C8-0E03-49E4-9F8D-8F9B092CAF36}.Debug|Any CPU.ActiveCfg = Debug|Any CPU
		{DC0C82C8-0E03-49E4-9F8D-8F9B092CAF36}.Debug|Any CPU.Build.0 = Debug|Any CPU
		{DC0C82C8-0E03-49E4-9F8D-8F9B092CAF36}.Debug|x64.ActiveCfg = Debug|Any CPU
		{DC0C82C8-0E03-49E4-9F8D-8F9B092CAF36}.Debug|x64.Build.0 = Debug|Any CPU
		{DC0C82C8-0E03-49E4-9F8D-8F9B092CAF36}.Debug|x86.ActiveCfg = Debug|Any CPU
		{DC0C82C8-0E03-49E4-9F8D-8F9B092CAF36}.Debug|x86.Build.0 = Debug|Any CPU
		{DC0C82C8-0E03-49E4-9F8D-8F9B092CAF36}.Release|Any CPU.ActiveCfg = Release|Any CPU
		{DC0C82C8-0E03-49E4-9F8D-8F9B092CAF36}.Release|Any CPU.Build.0 = Release|Any CPU
		{DC0C82C8-0E03-49E4-9F8D-8F9B092CAF36}.Release|x64.ActiveCfg = Release|Any CPU
		{DC0C82C8-0E03-49E4-9F8D-8F9B092CAF36}.Release|x64.Build.0 = Release|Any CPU
		{DC0C82C8-0E03-49E4-9F8D-8F9B092CAF36}.Release|x86.ActiveCfg = Release|Any CPU
		{DC0C82C8-0E03-49E4-9F8D-8F9B092CAF36}.Release|x86.Build.0 = Release|Any CPU
		{387DC099-CA7D-41F2-8CE5-512648FA2B63}.Debug|Any CPU.ActiveCfg = Debug|Win32
		{387DC099-CA7D-41F2-8CE5-512648FA2B63}.Debug|x64.ActiveCfg = Debug|x64
		{387DC099-CA7D-41F2-8CE5-512648FA2B63}.Debug|x64.Build.0 = Debug|x64
		{387DC099-CA7D-41F2-8CE5-512648FA2B63}.Debug|x86.ActiveCfg = Debug|Win32
		{387DC099-CA7D-41F2-8CE5-512648FA2B63}.Debug|x86.Build.0 = Debug|Win32
		{387DC099-CA7D-41F2-8CE5-512648FA2B63}.Release|Any CPU.ActiveCfg = Release|Win32
		{387DC099-CA7D-41F2-8CE5-512648FA2B63}.Release|x64.ActiveCfg = Release|x64
		{387DC099-CA7D-41F2-8CE5-512648FA2B63}.Release|x64.Build.0 = Release|x64
		{387DC099-CA7D-41F2-8CE5-512648FA2B63}.Release|x86.ActiveCfg = Release|Win32
		{387DC099-CA7D-41F2-8CE5-512648FA2B63}.Release|x86.Build.0 = Release|Win32
	EndGlobalSection
	GlobalSection(SolutionProperties) = preSolution
		HideSolutionNode = FALSE
	EndGlobalSection
EndGlobal
